
Microsoft Visual Studio Solution File, Format Version 12.00
# Visual Studio Version 17
VisualStudioVersion = 17.4.33213.308
MinimumVisualStudioVersion = 10.0.40219.1
Project("{9A19103F-16F7-4668-BE54-9A1E7A4F7556}") = "HttpEndToEndProtoTest", "HttpEndToEndProtoTest.csproj", "{FF77D620-E6AC-47E8-A241-46B9FC8C973E}"
EndProject
Project("{9A19103F-16F7-4668-BE54-9A1E7A4F7556}") = "Contoso.ERP.Consumer", "..\..\..\tmp\test\cs\http_end_to_end_proto\consumer\Contoso.ERP.Consumer.csproj", "{31CB0AEF-9590-4D59-A732-AE2858EA4FF6}"
EndProject
Project("{9A19103F-16F7-4668-BE54-9A1E7A4F7556}") = "Contoso.ERP.Producer", "..\..\..\tmp\test\cs\http_end_to_end_proto\producer\Contoso.ERP.Producer.csproj", "{580EA6F3-6978-44E8-80B2-682213FA0254}"
EndProject
Global
	GlobalSection(SolutionConfigurationPlatforms) = preSolution
		Debug|Any CPU = Debug|Any CPU
		Release|Any CPU = Release|Any CPU
	EndGlobalSection
	GlobalSection(ProjectConfigurationPlatforms) = postSolution
		{FF77D620-E6AC-47E8-A241-46B9FC8C973E}.Debug|Any CPU.ActiveCfg = Debug|Any CPU
		{FF77D620-E6AC-47E8-A241-46B9FC8C973E}.Debug|Any CPU.Build.0 = Debug|Any CPU
		{FF77D620-E6AC-47E8-A241-46B9FC8C973E}.Release|Any CPU.ActiveCfg = Release|Any CPU
		{FF77D620-E6AC-47E8-A241-46B9FC8C973E}.Release|Any CPU.Build.0 = Release|Any CPU
		{31CB0AEF-9590-4D59-A732-AE2858EA4FF6}.Debug|Any CPU.ActiveCfg = Debug|Any CPU
		{31CB0AEF-9590-4D59-A732-AE2858EA4FF6}.Debug|Any CPU.Build.0 = Debug|Any CPU
		{31CB0AEF-9590-4D59-A732-AE2858EA4FF6}.Release|Any CPU.ActiveCfg = Release|Any CPU
		{31CB0AEF-9590-4D59-A732-AE2858EA4FF6}.Release|Any CPU.Build.0 = Release|Any CPU
		{580EA6F3-6978-44E8-80B2-682213FA0254}.Debug|Any CPU.ActiveCfg = Debug|Any CPU
		{580EA6F3-6978-44E8-80B2-682213FA0254}.Debug|Any CPU.Build.0 = Debug|Any CPU
		{580EA6F3-6978-44E8-80B2-682213FA0254}.Release|Any CPU.ActiveCfg = Release|Any CPU
		{580EA6F3-6978-44E8-80B2-682213FA0254}.Release|Any CPU.Build.0 = Release|Any CPU
	EndGlobalSection
	GlobalSection(SolutionProperties) = preSolution
		HideSolutionNode = FALSE
	EndGlobalSection
	GlobalSection(ExtensibilityGlobals) = postSolution
		SolutionGuid = {604FE4C0-5C07-4127-AAA3-D8FD1C404921}
	EndGlobalSection
EndGlobal
